<?xml version="1.0" encoding="utf-8"?>
<Project ToolsVersion="4.0" xmlns="http://schemas.microsoft.com/developer/msbuild/2003">
  <ItemGroup>
    <Filter Include="Source Files">
      <UniqueIdentifier>{4FC737F1-C7A5-4376-A066-2A32D752A2FF}</UniqueIdentifier>
      <Extensions>cpp;c;cc;cxx;def;odl;idl;hpj;bat;asm;asmx</Extensions>
    </Filter>
    <Filter Include="Header Files">
      <UniqueIdentifier>{93995380-89BD-4b04-88EB-625FBE52EBFB}</UniqueIdentifier>
      <Extensions>h;hh;hpp;hxx;hm;inl;inc;xsd</Extensions>
    </Filter>
    <Filter Include="Source Files\GameStateManagement">
      <UniqueIdentifier>{58e0c9c4-41ab-4b00-9177-bdb45cdce413}</UniqueIdentifier>
    </Filter>
    <Filter Include="Source Files\SoundController">
      <UniqueIdentifier>{1802fb18-4500-4e42-ab13-5edd7afb42e9}</UniqueIdentifier>
    </Filter>
    <Filter Include="Header Files\SoundController">
      <UniqueIdentifier>{6b972421-c4f1-4149-84a0-3aa39f348ed2}</UniqueIdentifier>
    </Filter>
    <Filter Include="Header Files\Items">
      <UniqueIdentifier>{e96510ac-a375-4143-808a-7d35a7a09f9a}</UniqueIdentifier>
    </Filter>
    <Filter Include="Header Files\Scenes">
      <UniqueIdentifier>{153f7fc7-cbd6-4594-8933-eec155d73c09}</UniqueIdentifier>
    </Filter>
    <Filter Include="Source Files\Items">
      <UniqueIdentifier>{644a2ae9-4e42-4064-85fb-0e21843be559}</UniqueIdentifier>
    </Filter>
    <Filter Include="Source Files\Scenes">
      <UniqueIdentifier>{289758db-2b2c-4b48-b54c-aa19f1fed4c5}</UniqueIdentifier>
    </Filter>
    <Filter Include="Header Files\GameStateManagement">
      <UniqueIdentifier>{2ac4f12d-650b-4433-8d25-3bcfd0f7eef1}</UniqueIdentifier>
    </Filter>
    <Filter Include="Header Files\Enemies">
      <UniqueIdentifier>{f97e5982-d90b-47d1-86ab-9c49c1e58bce}</UniqueIdentifier>
    </Filter>
    <Filter Include="Source Files\Enemies">
      <UniqueIdentifier>{250eb8ee-5db9-4fc9-8d90-5d099e364722}</UniqueIdentifier>
    </Filter>
  </ItemGroup>
  <ItemGroup>
    <ClCompile Include="Source\Application.cpp">
      <Filter>Source Files</Filter>
    </ClCompile>
    <ClCompile Include="Source\Camera.cpp">
      <Filter>Source Files</Filter>
    </ClCompile>
    <ClCompile Include="Source\GameObject.cpp">
      <Filter>Source Files</Filter>
    </ClCompile>
    <ClCompile Include="Source\LoadOBJ.cpp">
      <Filter>Source Files</Filter>
    </ClCompile>
    <ClCompile Include="Source\LoadTGA.cpp">
      <Filter>Source Files</Filter>
    </ClCompile>
    <ClCompile Include="Source\main.cpp">
      <Filter>Source Files</Filter>
    </ClCompile>
    <ClCompile Include="Source\Mesh.cpp">
      <Filter>Source Files</Filter>
    </ClCompile>
    <ClCompile Include="Source\MeshBuilder.cpp">
      <Filter>Source Files</Filter>
    </ClCompile>
    <ClCompile Include="Source\shader.cpp">
      <Filter>Source Files</Filter>
    </ClCompile>
    <ClCompile Include="Source\Utility.cpp">
      <Filter>Source Files</Filter>
    </ClCompile>
    <ClCompile Include="Source\SceneBase.cpp">
      <Filter>Source Files</Filter>
    </ClCompile>
    <ClCompile Include="Source\Button.cpp">
      <Filter>Source Files</Filter>
    </ClCompile>
    <ClCompile Include="Source\Player.cpp">
      <Filter>Source Files</Filter>
    </ClCompile>
    <ClCompile Include="Source\LevelEditor.cpp">
      <Filter>Source Files</Filter>
    </ClCompile>
    <ClCompile Include="Source\GameObjectManager.cpp">
      <Filter>Source Files</Filter>
    </ClCompile>
    <ClCompile Include="Source\SpriteAnimation.cpp">
      <Filter>Source Files</Filter>
    </ClCompile>
    <ClCompile Include="Source\Inventory.cpp">
      <Filter>Source Files</Filter>
    </ClCompile>
    <ClCompile Include="Source\Physics.cpp">
      <Filter>Source Files</Filter>
    </ClCompile>
    <ClCompile Include="Source\GameStateManagement\MenuState.cpp">
      <Filter>Source Files\GameStateManagement</Filter>
    </ClCompile>
    <ClCompile Include="Source\GameStateManagement\IntroState.cpp">
      <Filter>Source Files\GameStateManagement</Filter>
    </ClCompile>
    <ClCompile Include="Source\GameStateManagement\GameStateManager.cpp">
      <Filter>Source Files\GameStateManagement</Filter>
    </ClCompile>
    <ClCompile Include="Source\SceneManager.cpp">
      <Filter>Source Files</Filter>
    </ClCompile>
    <ClCompile Include="Source\GameStateManagement\PlayGameState.cpp">
      <Filter>Source Files\GameStateManagement</Filter>
    </ClCompile>
    <ClCompile Include="Source\GameStateManagement\LobbyState.cpp">
      <Filter>Source Files\GameStateManagement</Filter>
    </ClCompile>
    <ClCompile Include="Source\Keyboard.cpp">
      <Filter>Source Files</Filter>
    </ClCompile>
    <ClCompile Include="Source\LevelLoader.cpp">
      <Filter>Source Files</Filter>
    </ClCompile>
    <ClCompile Include="Source\SoundController/SoundController.cpp">
      <Filter>Source Files\SoundController</Filter>
    </ClCompile>
    <ClCompile Include="Source\SoundController/SoundInfo.cpp">
      <Filter>Source Files\SoundController</Filter>
    </ClCompile>
    <ClCompile Include="Source\Apple.cpp">
      <Filter>Source Files\Items</Filter>
    </ClCompile>
    <ClCompile Include="Source\Cheese.cpp">
      <Filter>Source Files\Items</Filter>
    </ClCompile>
    <ClCompile Include="Source\SceneCollision.cpp">
      <Filter>Source Files\Scenes</Filter>
    </ClCompile>
    <ClCompile Include="Source\SceneGraveyard.cpp">
      <Filter>Source Files\Scenes</Filter>
    </ClCompile>
    <ClCompile Include="Source\ScenePhysics.cpp">
      <Filter>Source Files\Scenes</Filter>
    </ClCompile>
    <ClCompile Include="Source\SceneSplashScreen.cpp">
      <Filter>Source Files\Scenes</Filter>
    </ClCompile>
    <ClCompile Include="Source\SceneTest.cpp">
      <Filter>Source Files\Scenes</Filter>
    </ClCompile>
    <ClCompile Include="Source\Weapon.cpp">
      <Filter>Source Files\Items</Filter>
    </ClCompile>
    <ClCompile Include="Source\Consumable.cpp">
      <Filter>Source Files\Items</Filter>
    </ClCompile>
    <ClCompile Include="Source\Item.cpp">
      <Filter>Source Files\Items</Filter>
    </ClCompile>
    <ClCompile Include="Source\Portal.cpp">
      <Filter>Source Files</Filter>
    </ClCompile>
    <ClCompile Include="Source\SceneLobby.cpp">
      <Filter>Source Files\Scenes</Filter>
    </ClCompile>
    <ClCompile Include="Source\Flashlight.cpp">
      <Filter>Source Files\Items</Filter>
    </ClCompile>
    <ClCompile Include="Source\Enemy.cpp">
      <Filter>Source Files\Enemies</Filter>
    </ClCompile>
    <ClCompile Include="Source\Ghost.cpp">
      <Filter>Source Files\Enemies</Filter>
    </ClCompile>
    <ClCompile Include="Source\Ability.cpp">
      <Filter>Source Files</Filter>
    </ClCompile>
    <ClCompile Include="Source\SceneRobot.cpp">
      <Filter>Source Files\Scenes</Filter>
    </ClCompile>
  </ItemGroup>
  <ItemGroup>
    <ClInclude Include="Source\Application.h">
      <Filter>Header Files</Filter>
    </ClInclude>
    <ClInclude Include="Source\Camera.h">
      <Filter>Header Files</Filter>
    </ClInclude>
    <ClInclude Include="Source\GameObject.h">
      <Filter>Header Files</Filter>
    </ClInclude>
    <ClInclude Include="Source\Light.h">
      <Filter>Header Files</Filter>
    </ClInclude>
    <ClInclude Include="Source\LoadOBJ.h">
      <Filter>Header Files</Filter>
    </ClInclude>
    <ClInclude Include="Source\LoadTGA.h">
      <Filter>Header Files</Filter>
    </ClInclude>
    <ClInclude Include="Source\Material.h">
      <Filter>Header Files</Filter>
    </ClInclude>
    <ClInclude Include="Source\Mesh.h">
      <Filter>Header Files</Filter>
    </ClInclude>
    <ClInclude Include="Source\MeshBuilder.h">
      <Filter>Header Files</Filter>
    </ClInclude>
    <ClInclude Include="Source\Scene.h">
      <Filter>Header Files</Filter>
    </ClInclude>
    <ClInclude Include="Source\shader.hpp">
      <Filter>Header Files</Filter>
    </ClInclude>
    <ClInclude Include="Source\Utility.h">
      <Filter>Header Files</Filter>
    </ClInclude>
    <ClInclude Include="Source\Vertex.h">
      <Filter>Header Files</Filter>
    </ClInclude>
    <ClInclude Include="Source\SceneBase.h">
      <Filter>Header Files</Filter>
    </ClInclude>
    <ClInclude Include="Source\Button.h">
      <Filter>Header Files</Filter>
    </ClInclude>
    <ClInclude Include="Source\Player.h">
      <Filter>Header Files</Filter>
    </ClInclude>
    <ClInclude Include="Source\LevelEditor.h">
      <Filter>Header Files</Filter>
    </ClInclude>
    <ClInclude Include="Source\GameObjectManager.h">
      <Filter>Header Files</Filter>
    </ClInclude>
    <ClInclude Include="Source\SpriteAnimation.h">
      <Filter>Header Files</Filter>
    </ClInclude>
    <ClInclude Include="Source\Inventory.h">
      <Filter>Header Files</Filter>
    </ClInclude>
    <ClInclude Include="Source\Physics.h">
      <Filter>Header Files</Filter>
    </ClInclude>
    <ClInclude Include="Source\Debug.h">
      <Filter>Header Files</Filter>
    </ClInclude>
    <ClInclude Include="Source\Shape.h">
      <Filter>Header Files</Filter>
    </ClInclude>
    <ClInclude Include="Source\Keyboard.h">
      <Filter>Header Files</Filter>
    </ClInclude>
    <ClInclude Include="Source\LevelLoader.h">
      <Filter>Header Files</Filter>
    </ClInclude>
    <ClInclude Include="Source\SoundController/SoundController.h">
      <Filter>Header Files\SoundController</Filter>
    </ClInclude>
    <ClInclude Include="Source\SoundController/SoundInfo.h">
      <Filter>Header Files\SoundController</Filter>
    </ClInclude>
    <ClInclude Include="Source\SoundController/SoundType.h">
      <Filter>Header Files\SoundController</Filter>
    </ClInclude>
    <ClInclude Include="Source\filesystem.h">
      <Filter>Header Files</Filter>
    </ClInclude>
    <ClInclude Include="Source\Cheese.h">
      <Filter>Header Files\Items</Filter>
    </ClInclude>
    <ClInclude Include="Source\Apple.h">
      <Filter>Header Files\Items</Filter>
    </ClInclude>
    <ClInclude Include="Source\GameStateManagement\GameStateBase.h">
      <Filter>Header Files\GameStateManagement</Filter>
    </ClInclude>
    <ClInclude Include="Source\GameStateManagement\GameStateManager.h">
      <Filter>Header Files\GameStateManagement</Filter>
    </ClInclude>
    <ClInclude Include="Source\GameStateManagement\IntroState.h">
      <Filter>Header Files\GameStateManagement</Filter>
    </ClInclude>
    <ClInclude Include="Source\GameStateManagement\MenuState.h">
      <Filter>Header Files\GameStateManagement</Filter>
    </ClInclude>
    <ClInclude Include="Source\GameStateManagement\LobbyState.h">
      <Filter>Header Files\GameStateManagement</Filter>
    </ClInclude>
    <ClInclude Include="Source\GameStateManagement\PlayGameState.h">
      <Filter>Header Files\GameStateManagement</Filter>
    </ClInclude>
    <ClInclude Include="Source\SceneCollision.h">
      <Filter>Header Files\Scenes</Filter>
    </ClInclude>
    <ClInclude Include="Source\SceneGraveyard.h">
      <Filter>Header Files\Scenes</Filter>
    </ClInclude>
    <ClInclude Include="Source\ScenePhysics.h">
      <Filter>Header Files\Scenes</Filter>
    </ClInclude>
    <ClInclude Include="Source\SceneSplashScreen.h">
      <Filter>Header Files\Scenes</Filter>
    </ClInclude>
    <ClInclude Include="Source\SceneTest.h">
      <Filter>Header Files\Scenes</Filter>
    </ClInclude>
    <ClInclude Include="Source\Weapon.h">
      <Filter>Header Files\Items</Filter>
    </ClInclude>
    <ClInclude Include="Source\Item.h">
      <Filter>Header Files\Items</Filter>
    </ClInclude>
    <ClInclude Include="Source\Consumable.h">
      <Filter>Header Files\Items</Filter>
    </ClInclude>
    <ClInclude Include="Source\SceneManager.h">
      <Filter>Header Files</Filter>
    </ClInclude>
    <ClInclude Include="Source\Portal.h">
      <Filter>Header Files</Filter>
    </ClInclude>
    <ClInclude Include="Source\SceneLobby.h">
      <Filter>Header Files\Scenes</Filter>
    </ClInclude>
    <ClInclude Include="Source\Flashlight.h">
      <Filter>Header Files\Items</Filter>
    </ClInclude>
    <ClInclude Include="Source\Enemy.h">
      <Filter>Header Files\Enemies</Filter>
    </ClInclude>
    <ClInclude Include="Source\Ghost.h">
      <Filter>Header Files\Enemies</Filter>
    </ClInclude>
    <ClInclude Include="Source\Ability.h">
      <Filter>Header Files</Filter>
    </ClInclude>
    <ClInclude Include="Source\SceneRobot.h">
      <Filter>Header Files\Scenes</Filter>
    </ClInclude>
  </ItemGroup>
</Project>